
Microsoft Visual Studio Solution File, Format Version 12.00
# Visual Studio Version 17
VisualStudioVersion = 17.14.36310.24
MinimumVisualStudioVersion = 10.0.40219.1
Project("{FAE04EC0-301F-11D3-BF4B-00C04F79EFBC}") = "TuCelucionBackend", "TuCelucionBackend.csproj", "{C3A8B35E-DFE3-4E90-9881-0C458F1F25EA}"
EndProject
Global
	GlobalSection(SolutionConfigurationPlatforms) = preSolution
		Debug|Any CPU = Debug|Any CPU
		Release|Any CPU = Release|Any CPU
	EndGlobalSection
	GlobalSection(ProjectConfigurationPlatforms) = postSolution
		{C3A8B35E-DFE3-4E90-9881-0C458F1F25EA}.Debug|Any CPU.ActiveCfg = Debug|Any CPU
		{C3A8B35E-DFE3-4E90-9881-0C458F1F25EA}.Debug|Any CPU.Build.0 = Debug|Any CPU
		{C3A8B35E-DFE3-4E90-9881-0C458F1F25EA}.Release|Any CPU.ActiveCfg = Release|Any CPU
		{C3A8B35E-DFE3-4E90-9881-0C458F1F25EA}.Release|Any CPU.Build.0 = Release|Any CPU
	EndGlobalSection
	GlobalSection(SolutionProperties) = preSolution
		HideSolutionNode = FALSE
	EndGlobalSection
	GlobalSection(ExtensibilityGlobals) = postSolution
		SolutionGuid = {1F74B7D3-347F-4DE2-8742-9FDE21E2EBE1}
	EndGlobalSection
EndGlobal
